
Microsoft Visual Studio Solution File, Format Version 12.00
# Visual Studio Version 16
VisualStudioVersion = 16.0.29411.138
MinimumVisualStudioVersion = 10.0.40219.1
Project("{FAE04EC0-301F-11D3-BF4B-00C04F79EFBC}") = "CurrencyConverter", "CurrencyConverter.csproj", "{3250AA39-4E62-41D3-8E05-D86BFA5207A7}"
EndProject
Project("{FAE04EC0-301F-11D3-BF4B-00C04F79EFBC}") = "CurrencyConverterLogic", "..\CurrencyConverterLogic\CurrencyConverterLogic.csproj", "{56C25A78-CB93-40C0-8BF9-89E610F7F30B}"
EndProject
Global
	GlobalSection(SolutionConfigurationPlatforms) = preSolution
		Debug|Any CPU = Debug|Any CPU
		Release|Any CPU = Release|Any CPU
	EndGlobalSection
	GlobalSection(ProjectConfigurationPlatforms) = postSolution
		{3250AA39-4E62-41D3-8E05-D86BFA5207A7}.Debug|Any CPU.ActiveCfg = Debug|Any CPU
		{3250AA39-4E62-41D3-8E05-D86BFA5207A7}.Debug|Any CPU.Build.0 = Debug|Any CPU
		{3250AA39-4E62-41D3-8E05-D86BFA5207A7}.Release|Any CPU.ActiveCfg = Release|Any CPU
		{3250AA39-4E62-41D3-8E05-D86BFA5207A7}.Release|Any CPU.Build.0 = Release|Any CPU
		{56C25A78-CB93-40C0-8BF9-89E610F7F30B}.Debug|Any CPU.ActiveCfg = Debug|Any CPU
		{56C25A78-CB93-40C0-8BF9-89E610F7F30B}.Debug|Any CPU.Build.0 = Debug|Any CPU
		{56C25A78-CB93-40C0-8BF9-89E610F7F30B}.Release|Any CPU.ActiveCfg = Release|Any CPU
		{56C25A78-CB93-40C0-8BF9-89E610F7F30B}.Release|Any CPU.Build.0 = Release|Any CPU
	EndGlobalSection
	GlobalSection(SolutionProperties) = preSolution
		HideSolutionNode = FALSE
	EndGlobalSection
	GlobalSection(ExtensibilityGlobals) = postSolution
		SolutionGuid = {37922B64-2AB9-43F4-8BC8-959F1A5CF5DC}
	EndGlobalSection
EndGlobal
